// !$*UTF8*$!
{
	archiveVersion = 1;
	classes = {
	};
	objectVersion = 48;
	objects = {

/* Begin PBXBuildFile section */
		32E8637F1EEEF9C0008B5B33 /* main.swift in Sources */ = {isa = PBXBuildFile; fileRef = 32E8637E1EEEF9C0008B5B33 /* main.swift */; };
		32EB791C1EEEFA380027983E /* Media.swift in Sources */ = {isa = PBXBuildFile; fileRef = 32EB791B1EEEFA380027983E /* Media.swift */; };
		32EB791E1EEEFA460027983E /* Project.swift in Sources */ = {isa = PBXBuildFile; fileRef = 32EB791D1EEEFA460027983E /* Project.swift */; };
		32EB79221EEEFCA50027983E /* DataAPI.swift in Sources */ = {isa = PBXBuildFile; fileRef = 32EB79211EEEFCA50027983E /* DataAPI.swift */; };
		32EB79241EEF006D0027983E /* ConsoleIO.swift in Sources */ = {isa = PBXBuildFile; fileRef = 32EB79231EEF006D0027983E /* ConsoleIO.swift */; };
		32EB79281EEF01070027983E /* API.swift in Sources */ = {isa = PBXBuildFile; fileRef = 32EB79271EEF01070027983E /* API.swift */; };
		32EB792A1EEF01100027983E /* StatsAPI.swift in Sources */ = {isa = PBXBuildFile; fileRef = 32EB79291EEF01100027983E /* StatsAPI.swift */; };
/* End PBXBuildFile section */

/* Begin PBXCopyFilesBuildPhase section */
		32E863791EEEF9C0008B5B33 /* CopyFiles */ = {
			isa = PBXCopyFilesBuildPhase;
			buildActionMask = 2147483647;
			dstPath = /usr/share/man/man1/;
			dstSubfolderSpec = 0;
			files = (
			);
			runOnlyForDeploymentPostprocessing = 1;
		};
/* End PBXCopyFilesBuildPhase section */

/* Begin PBXFileReference section */
		32E8637B1EEEF9C0008B5B33 /* WistiaCLI */ = {isa = PBXFileReference; explicitFileType = "compiled.mach-o.executable"; includeInIndex = 0; path = WistiaCLI; sourceTree = BUILT_PRODUCTS_DIR; };
		32E8637E1EEEF9C0008B5B33 /* main.swift */ = {isa = PBXFileReference; lastKnownFileType = sourcecode.swift; path = main.swift; sourceTree = "<group>"; };
		32EB791B1EEEFA380027983E /* Media.swift */ = {isa = PBXFileReference; lastKnownFileType = sourcecode.swift; path = Media.swift; sourceTree = "<group>"; };
		32EB791D1EEEFA460027983E /* Project.swift */ = {isa = PBXFileReference; lastKnownFileType = sourcecode.swift; path = Project.swift; sourceTree = "<group>"; };
		32EB79211EEEFCA50027983E /* DataAPI.swift */ = {isa = PBXFileReference; lastKnownFileType = sourcecode.swift; path = DataAPI.swift; sourceTree = "<group>"; };
		32EB79231EEF006D0027983E /* ConsoleIO.swift */ = {isa = PBXFileReference; lastKnownFileType = sourcecode.swift; path = ConsoleIO.swift; sourceTree = "<group>"; };
		32EB79271EEF01070027983E /* API.swift */ = {isa = PBXFileReference; lastKnownFileType = sourcecode.swift; path = API.swift; sourceTree = "<group>"; };
		32EB79291EEF01100027983E /* StatsAPI.swift */ = {isa = PBXFileReference; lastKnownFileType = sourcecode.swift; path = StatsAPI.swift; sourceTree = "<group>"; };
/* End PBXFileReference section */

/* Begin PBXFrameworksBuildPhase section */
		32E863781EEEF9C0008B5B33 /* Frameworks */ = {
			isa = PBXFrameworksBuildPhase;
			buildActionMask = 2147483647;
			files = (
			);
			runOnlyForDeploymentPostprocessing = 0;
		};
/* End PBXFrameworksBuildPhase section */

/* Begin PBXGroup section */
		32E863721EEEF9C0008B5B33 = {
			isa = PBXGroup;
			children = (
				32E8637D1EEEF9C0008B5B33 /* WistiaCLI */,
				32E8637C1EEEF9C0008B5B33 /* Products */,
			);
			sourceTree = "<group>";
		};
		32E8637C1EEEF9C0008B5B33 /* Products */ = {
			isa = PBXGroup;
			children = (
				32E8637B1EEEF9C0008B5B33 /* WistiaCLI */,
			);
			name = Products;
			sourceTree = "<group>";
		};
		32E8637D1EEEF9C0008B5B33 /* WistiaCLI */ = {
			isa = PBXGroup;
			children = (
				32EB791A1EEEFA290027983E /* Model */,
				32E8637E1EEEF9C0008B5B33 /* main.swift */,
				32EB79261EEF00990027983E /* API */,
				32EB79251EEF00920027983E /* Console */,
			);
			path = WistiaCLI;
			sourceTree = "<group>";
		};
		32EB791A1EEEFA290027983E /* Model */ = {
			isa = PBXGroup;
			children = (
				32EB791B1EEEFA380027983E /* Media.swift */,
				32EB791D1EEEFA460027983E /* Project.swift */,
			);
			path = Model;
			sourceTree = "<group>";
		};
		32EB79251EEF00920027983E /* Console */ = {
			isa = PBXGroup;
			children = (
				32EB79231EEF006D0027983E /* ConsoleIO.swift */,
			);
			name = Console;
			sourceTree = "<group>";
		};
		32EB79261EEF00990027983E /* API */ = {
			isa = PBXGroup;
			children = (
				32EB79211EEEFCA50027983E /* DataAPI.swift */,
				32EB79271EEF01070027983E /* API.swift */,
				32EB79291EEF01100027983E /* StatsAPI.swift */,
			);
			path = API;
			sourceTree = "<group>";
		};
/* End PBXGroup section */

/* Begin PBXNativeTarget section */
		32E8637A1EEEF9C0008B5B33 /* WistiaCLI */ = {
			isa = PBXNativeTarget;
			buildConfigurationList = 32E863821EEEF9C0008B5B33 /* Build configuration list for PBXNativeTarget "WistiaCLI" */;
			buildPhases = (
				32E863771EEEF9C0008B5B33 /* Sources */,
				32E863781EEEF9C0008B5B33 /* Frameworks */,
				32E863791EEEF9C0008B5B33 /* CopyFiles */,
			);
			buildRules = (
			);
			dependencies = (
			);
			name = WistiaCLI;
			productName = WistiaCLI;
			productReference = 32E8637B1EEEF9C0008B5B33 /* WistiaCLI */;
			productType = "com.apple.product-type.tool";
		};
/* End PBXNativeTarget section */

/* Begin PBXProject section */
		32E863731EEEF9C0008B5B33 /* Project object */ = {
			isa = PBXProject;
			attributes = {
				LastSwiftUpdateCheck = 0900;
				LastUpgradeCheck = 0900;
				ORGANIZATIONNAME = "Jake young";
				TargetAttributes = {
					32E8637A1EEEF9C0008B5B33 = {
						CreatedOnToolsVersion = 9.0;
					};
				};
			};
			buildConfigurationList = 32E863761EEEF9C0008B5B33 /* Build configuration list for PBXProject "WistiaCLI" */;
			compatibilityVersion = "Xcode 8.0";
			developmentRegion = en;
			hasScannedForEncodings = 0;
			knownRegions = (
				en,
			);
			mainGroup = 32E863721EEEF9C0008B5B33;
			productRefGroup = 32E8637C1EEEF9C0008B5B33 /* Products */;
			projectDirPath = "";
			projectRoot = "";
			targets = (
				32E8637A1EEEF9C0008B5B33 /* WistiaCLI */,
			);
		};
/* End PBXProject section */

/* Begin PBXSourcesBuildPhase section */
		32E863771EEEF9C0008B5B33 /* Sources */ = {
			isa = PBXSourcesBuildPhase;
			buildActionMask = 2147483647;
			files = (
				32EB79241EEF006D0027983E /* ConsoleIO.swift in Sources */,
				32EB792A1EEF01100027983E /* StatsAPI.swift in Sources */,
				32EB79221EEEFCA50027983E /* DataAPI.swift in Sources */,
				32EB791C1EEEFA380027983E /* Media.swift in Sources */,
				32E8637F1EEEF9C0008B5B33 /* main.swift in Sources */,
				32EB79281EEF01070027983E /* API.swift in Sources */,
				32EB791E1EEEFA460027983E /* Project.swift in Sources */,
			);
			runOnlyForDeploymentPostprocessing = 0;
		};
/* End PBXSourcesBuildPhase section */

/* Begin XCBuildConfiguration section */
		32E863801EEEF9C0008B5B33 /* Debug */ = {
			isa = XCBuildConfiguration;
			buildSettings = {
				ALWAYS_SEARCH_USER_PATHS = NO;
				CLANG_ANALYZER_NONNULL = YES;
				CLANG_ANALYZER_NUMBER_OBJECT_CONVERSION = YES_AGGRESSIVE;
				CLANG_CXX_LANGUAGE_STANDARD = "gnu++14";
				CLANG_CXX_LIBRARY = "libc++";
				CLANG_ENABLE_MODULES = YES;
				CLANG_ENABLE_OBJC_ARC = YES;
				CLANG_WARN_BLOCK_CAPTURE_AUTORELEASING = YES;
				CLANG_WARN_BOOL_CONVERSION = YES;
				CLANG_WARN_COMMA = YES;
				CLANG_WARN_CONSTANT_CONVERSION = YES;
				CLANG_WARN_DIRECT_OBJC_ISA_USAGE = YES_ERROR;
				CLANG_WARN_DOCUMENTATION_COMMENTS = YES;
				CLANG_WARN_EMPTY_BODY = YES;
				CLANG_WARN_ENUM_CONVERSION = YES;
				CLANG_WARN_INFINITE_RECURSION = YES;
				CLANG_WARN_INT_CONVERSION = YES;
				CLANG_WARN_OBJC_ROOT_CLASS = YES_ERROR;
				CLANG_WARN_RANGE_LOOP_ANALYSIS = YES;
				CLANG_WARN_STRICT_PROTOTYPES = YES;
				CLANG_WARN_SUSPICIOUS_MOVE = YES;
				CLANG_WARN_UNGUARDED_AVAILABILITY = YES_AGGRESSIVE;
				CLANG_WARN_UNREACHABLE_CODE = YES;
				CLANG_WARN__DUPLICATE_METHOD_MATCH = YES;
				CODE_SIGN_IDENTITY = "Mac Developer";
				COPY_PHASE_STRIP = NO;
				DEBUG_INFORMATION_FORMAT = dwarf;
				ENABLE_STRICT_OBJC_MSGSEND = YES;
				ENABLE_TESTABILITY = YES;
				GCC_C_LANGUAGE_STANDARD = gnu11;
				GCC_DYNAMIC_NO_PIC = NO;
				GCC_NO_COMMON_BLOCKS = YES;
				GCC_OPTIMIZATION_LEVEL = 0;
				GCC_PREPROCESSOR_DEFINITIONS = (
					"DEBUG=1",
					"$(inherited)",
				);
				GCC_WARN_64_TO_32_BIT_CONVERSION = YES;
				GCC_WARN_ABOUT_RETURN_TYPE = YES_ERROR;
				GCC_WARN_UNDECLARED_SELECTOR = YES;
				GCC_WARN_UNINITIALIZED_AUTOS = YES_AGGRESSIVE;
				GCC_WARN_UNUSED_FUNCTION = YES;
				GCC_WARN_UNUSED_VARIABLE = YES;
				MACOSX_DEPLOYMENT_TARGET = 10.12;
				MTL_ENABLE_DEBUG_INFO = YES;
				ONLY_ACTIVE_ARCH = YES;
				SDKROOT = macosx;
				SWIFT_ACTIVE_COMPILATION_CONDITIONS = DEBUG;
				SWIFT_OPTIMIZATION_LEVEL = "-Onone";
			};
			name = Debug;
		};
		32E863811EEEF9C0008B5B33 /* Release */ = {
			isa = XCBuildConfiguration;
			buildSettings = {
				ALWAYS_SEARCH_USER_PATHS = NO;
				CLANG_ANALYZER_NONNULL = YES;
				CLANG_ANALYZER_NUMBER_OBJECT_CONVERSION = YES_AGGRESSIVE;
				CLANG_CXX_LANGUAGE_STANDARD = "gnu++14";
				CLANG_CXX_LIBRARY = "libc++";
				CLANG_ENABLE_MODULES = YES;
				CLANG_ENABLE_OBJC_ARC = YES;
				CLANG_WARN_BLOCK_CAPTURE_AUTORELEASING = YES;
				CLANG_WARN_BOOL_CONVERSION = YES;
				CLANG_WARN_COMMA = YES;
				CLANG_WARN_CONSTANT_CONVERSION = YES;
				CLANG_WARN_DIRECT_OBJC_ISA_USAGE = YES_ERROR;
				CLANG_WARN_DOCUMENTATION_COMMENTS = YES;
				CLANG_WARN_EMPTY_BODY = YES;
				CLANG_WARN_ENUM_CONVERSION = YES;
				CLANG_WARN_INFINITE_RECURSION = YES;
				CLANG_WARN_INT_CONVERSION = YES;
				CLANG_WARN_OBJC_ROOT_CLASS = YES_ERROR;
				CLANG_WARN_RANGE_LOOP_ANALYSIS = YES;
				CLANG_WARN_STRICT_PROTOTYPES = YES;
				CLANG_WARN_SUSPICIOUS_MOVE = YES;
				CLANG_WARN_UNGUARDED_AVAILABILITY = YES_AGGRESSIVE;
				CLANG_WARN_UNREACHABLE_CODE = YES;
				CLANG_WARN__DUPLICATE_METHOD_MATCH = YES;
				CODE_SIGN_IDENTITY = "Mac Developer";
				COPY_PHASE_STRIP = NO;
				DEBUG_INFORMATION_FORMAT = "dwarf-with-dsym";
				ENABLE_NS_ASSERTIONS = NO;
				ENABLE_STRICT_OBJC_MSGSEND = YES;
				GCC_C_LANGUAGE_STANDARD = gnu11;
				GCC_NO_COMMON_BLOCKS = YES;
				GCC_WARN_64_TO_32_BIT_CONVERSION = YES;
				GCC_WARN_ABOUT_RETURN_TYPE = YES_ERROR;
				GCC_WARN_UNDECLARED_SELECTOR = YES;
				GCC_WARN_UNINITIALIZED_AUTOS = YES_AGGRESSIVE;
				GCC_WARN_UNUSED_FUNCTION = YES;
				GCC_WARN_UNUSED_VARIABLE = YES;
				MACOSX_DEPLOYMENT_TARGET = 10.12;
				MTL_ENABLE_DEBUG_INFO = NO;
				SDKROOT = macosx;
				SWIFT_OPTIMIZATION_LEVEL = "-Owholemodule";
			};
			name = Release;
		};
		32E863831EEEF9C0008B5B33 /* Debug */ = {
			isa = XCBuildConfiguration;
			buildSettings = {
				DEVELOPMENT_TEAM = W8267A73DN;
				PRODUCT_NAME = "$(TARGET_NAME)";
				SWIFT_VERSION = 4.0;
			};
			name = Debug;
		};
		32E863841EEEF9C0008B5B33 /* Release */ = {
			isa = XCBuildConfiguration;
			buildSettings = {
				DEVELOPMENT_TEAM = W8267A73DN;
				PRODUCT_NAME = "$(TARGET_NAME)";
				SWIFT_VERSION = 4.0;
			};
			name = Release;
		};
/* End XCBuildConfiguration section */

/* Begin XCConfigurationList section */
		32E863761EEEF9C0008B5B33 /* Build configuration list for PBXProject "WistiaCLI" */ = {
			isa = XCConfigurationList;
			buildConfigurations = (
				32E863801EEEF9C0008B5B33 /* Debug */,
				32E863811EEEF9C0008B5B33 /* Release */,
			);
			defaultConfigurationIsVisible = 0;
			defaultConfigurationName = Release;
		};
		32E863821EEEF9C0008B5B33 /* Build configuration list for PBXNativeTarget "WistiaCLI" */ = {
			isa = XCConfigurationList;
			buildConfigurations = (
				32E863831EEEF9C0008B5B33 /* Debug */,
				32E863841EEEF9C0008B5B33 /* Release */,
			);
			defaultConfigurationIsVisible = 0;
			defaultConfigurationName = Release;
		};
/* End XCConfigurationList section */
	};
	rootObject = 32E863731EEEF9C0008B5B33 /* Project object */;
}
